
Microsoft Visual Studio Solution File, Format Version 12.00
# Visual Studio Version 17
VisualStudioVersion = 17.5.2.0
MinimumVisualStudioVersion = 10.0.40219.1
Project("{2150E333-8FDC-42A3-9474-1A3956D46DE8}") = "Src", "Src", "{02EA681E-C7D8-13C7-8484-4AC65E1B71E8}"
EndProject
Project("{2150E333-8FDC-42A3-9474-1A3956D46DE8}") = "Tests", "Tests", "{E7191AA9-9D1D-4D79-ADF4-288ADFCAB068}"
EndProject
Project("{FAE04EC0-301F-11D3-BF4B-00C04F79EFBC}") = "UnitTests", "Tests\UnitTests\UnitTests.csproj", "{A0E6C5C7-ED78-42BC-BFA3-08783FEBB527}"
EndProject
Project("{2150E333-8FDC-42A3-9474-1A3956D46DE8}") = "Itens de Solução", "Itens de Solução", "{380A7511-A354-6D7A-0CC0-8FA1F1BA7B6C}"
	ProjectSection(SolutionItems) = preProject
		.gitignore = .gitignore
		.github\workflows\nuget-publish.yml = .github\workflows\nuget-publish.yml
		README.md = README.md
	EndProjectSection
EndProject
Project("{FAE04EC0-301F-11D3-BF4B-00C04F79EFBC}") = "IntegrationTests", "Tests\IntegrationTests\IntegrationTests.csproj", "{FF77485D-96D1-B1AA-B58F-3986BE3ADB27}"
EndProject
Project("{FAE04EC0-301F-11D3-BF4B-00C04F79EFBC}") = "Mert1s.MyValidator", "Src\Mert1s.MyValidator\Mert1s.MyValidator.csproj", "{76A452DA-ADF4-5071-3FF6-F64C655EFA8C}"
EndProject
Project("{FAE04EC0-301F-11D3-BF4B-00C04F79EFBC}") = "Mert1s.MyValidator.DependencyInjection", "Src\Mert1s.MyValidator.DependencyInjection\Mert1s.MyValidator.DependencyInjection.csproj", "{9AF4F9D1-312D-FA35-DCEE-1FBA0E72D59F}"
EndProject
Project("{FAE04EC0-301F-11D3-BF4B-00C04F79EFBC}") = "Mert1s.MyValidator.Components", "Src\Mert1s.MyValidator.Components\Mert1s.MyValidator.Components.csproj", "{F1569E4D-564C-3517-1792-C70F8F1DE4E5}"
EndProject
Global
	GlobalSection(SolutionConfigurationPlatforms) = preSolution
		Debug|Any CPU = Debug|Any CPU
		Debug|x64 = Debug|x64
		Debug|x86 = Debug|x86
		Release|Any CPU = Release|Any CPU
		Release|x64 = Release|x64
		Release|x86 = Release|x86
	EndGlobalSection
	GlobalSection(ProjectConfigurationPlatforms) = postSolution
		{A0E6C5C7-ED78-42BC-BFA3-08783FEBB527}.Debug|Any CPU.ActiveCfg = Debug|Any CPU
		{A0E6C5C7-ED78-42BC-BFA3-08783FEBB527}.Debug|Any CPU.Build.0 = Debug|Any CPU
		{A0E6C5C7-ED78-42BC-BFA3-08783FEBB527}.Debug|x64.ActiveCfg = Debug|Any CPU
		{A0E6C5C7-ED78-42BC-BFA3-08783FEBB527}.Debug|x64.Build.0 = Debug|Any CPU
		{A0E6C5C7-ED78-42BC-BFA3-08783FEBB527}.Debug|x86.ActiveCfg = Debug|Any CPU
		{A0E6C5C7-ED78-42BC-BFA3-08783FEBB527}.Debug|x86.Build.0 = Debug|Any CPU
		{A0E6C5C7-ED78-42BC-BFA3-08783FEBB527}.Release|Any CPU.ActiveCfg = Release|Any CPU
		{A0E6C5C7-ED78-42BC-BFA3-08783FEBB527}.Release|Any CPU.Build.0 = Release|Any CPU
		{A0E6C5C7-ED78-42BC-BFA3-08783FEBB527}.Release|x64.ActiveCfg = Release|Any CPU
		{A0E6C5C7-ED78-42BC-BFA3-08783FEBB527}.Release|x64.Build.0 = Release|Any CPU
		{A0E6C5C7-ED78-42BC-BFA3-08783FEBB527}.Release|x86.ActiveCfg = Release|Any CPU
		{A0E6C5C7-ED78-42BC-BFA3-08783FEBB527}.Release|x86.Build.0 = Release|Any CPU
		{FF77485D-96D1-B1AA-B58F-3986BE3ADB27}.Debug|Any CPU.ActiveCfg = Debug|Any CPU
		{FF77485D-96D1-B1AA-B58F-3986BE3ADB27}.Debug|Any CPU.Build.0 = Debug|Any CPU
		{FF77485D-96D1-B1AA-B58F-3986BE3ADB27}.Debug|x64.ActiveCfg = Debug|Any CPU
		{FF77485D-96D1-B1AA-B58F-3986BE3ADB27}.Debug|x64.Build.0 = Debug|Any CPU
		{FF77485D-96D1-B1AA-B58F-3986BE3ADB27}.Debug|x86.ActiveCfg = Debug|Any CPU
		{FF77485D-96D1-B1AA-B58F-3986BE3ADB27}.Debug|x86.Build.0 = Debug|Any CPU
		{FF77485D-96D1-B1AA-B58F-3986BE3ADB27}.Release|Any CPU.ActiveCfg = Release|Any CPU
		{FF77485D-96D1-B1AA-B58F-3986BE3ADB27}.Release|Any CPU.Build.0 = Release|Any CPU
		{FF77485D-96D1-B1AA-B58F-3986BE3ADB27}.Release|x64.ActiveCfg = Release|Any CPU
		{FF77485D-96D1-B1AA-B58F-3986BE3ADB27}.Release|x64.Build.0 = Release|Any CPU
		{FF77485D-96D1-B1AA-B58F-3986BE3ADB27}.Release|x86.ActiveCfg = Release|Any CPU
		{FF77485D-96D1-B1AA-B58F-3986BE3ADB27}.Release|x86.Build.0 = Release|Any CPU
		{76A452DA-ADF4-5071-3FF6-F64C655EFA8C}.Debug|Any CPU.ActiveCfg = Debug|Any CPU
		{76A452DA-ADF4-5071-3FF6-F64C655EFA8C}.Debug|Any CPU.Build.0 = Debug|Any CPU
		{76A452DA-ADF4-5071-3FF6-F64C655EFA8C}.Debug|x64.ActiveCfg = Debug|Any CPU
		{76A452DA-ADF4-5071-3FF6-F64C655EFA8C}.Debug|x64.Build.0 = Debug|Any CPU
		{76A452DA-ADF4-5071-3FF6-F64C655EFA8C}.Debug|x86.ActiveCfg = Debug|Any CPU
		{76A452DA-ADF4-5071-3FF6-F64C655EFA8C}.Debug|x86.Build.0 = Debug|Any CPU
		{76A452DA-ADF4-5071-3FF6-F64C655EFA8C}.Release|Any CPU.ActiveCfg = Release|Any CPU
		{76A452DA-ADF4-5071-3FF6-F64C655EFA8C}.Release|Any CPU.Build.0 = Release|Any CPU
		{76A452DA-ADF4-5071-3FF6-F64C655EFA8C}.Release|x64.ActiveCfg = Release|Any CPU
		{76A452DA-ADF4-5071-3FF6-F64C655EFA8C}.Release|x64.Build.0 = Release|Any CPU
		{76A452DA-ADF4-5071-3FF6-F64C655EFA8C}.Release|x86.ActiveCfg = Release|Any CPU
		{76A452DA-ADF4-5071-3FF6-F64C655EFA8C}.Release|x86.Build.0 = Release|Any CPU
		{9AF4F9D1-312D-FA35-DCEE-1FBA0E72D59F}.Debug|Any CPU.ActiveCfg = Debug|Any CPU
		{9AF4F9D1-312D-FA35-DCEE-1FBA0E72D59F}.Debug|Any CPU.Build.0 = Debug|Any CPU
		{9AF4F9D1-312D-FA35-DCEE-1FBA0E72D59F}.Debug|x64.ActiveCfg = Debug|Any CPU
		{9AF4F9D1-312D-FA35-DCEE-1FBA0E72D59F}.Debug|x64.Build.0 = Debug|Any CPU
		{9AF4F9D1-312D-FA35-DCEE-1FBA0E72D59F}.Debug|x86.ActiveCfg = Debug|Any CPU
		{9AF4F9D1-312D-FA35-DCEE-1FBA0E72D59F}.Debug|x86.Build.0 = Debug|Any CPU
		{9AF4F9D1-312D-FA35-DCEE-1FBA0E72D59F}.Release|Any CPU.ActiveCfg = Release|Any CPU
		{9AF4F9D1-312D-FA35-DCEE-1FBA0E72D59F}.Release|Any CPU.Build.0 = Release|Any CPU
		{9AF4F9D1-312D-FA35-DCEE-1FBA0E72D59F}.Release|x64.ActiveCfg = Release|Any CPU
		{9AF4F9D1-312D-FA35-DCEE-1FBA0E72D59F}.Release|x64.Build.0 = Release|Any CPU
		{9AF4F9D1-312D-FA35-DCEE-1FBA0E72D59F}.Release|x86.ActiveCfg = Release|Any CPU
		{9AF4F9D1-312D-FA35-DCEE-1FBA0E72D59F}.Release|x86.Build.0 = Release|Any CPU
		{F1569E4D-564C-3517-1792-C70F8F1DE4E5}.Debug|Any CPU.ActiveCfg = Debug|Any CPU
		{F1569E4D-564C-3517-1792-C70F8F1DE4E5}.Debug|Any CPU.Build.0 = Debug|Any CPU
		{F1569E4D-564C-3517-1792-C70F8F1DE4E5}.Debug|x64.ActiveCfg = Debug|Any CPU
		{F1569E4D-564C-3517-1792-C70F8F1DE4E5}.Debug|x64.Build.0 = Debug|Any CPU
		{F1569E4D-564C-3517-1792-C70F8F1DE4E5}.Debug|x86.ActiveCfg = Debug|Any CPU
		{F1569E4D-564C-3517-1792-C70F8F1DE4E5}.Debug|x86.Build.0 = Debug|Any CPU
		{F1569E4D-564C-3517-1792-C70F8F1DE4E5}.Release|Any CPU.ActiveCfg = Release|Any CPU
		{F1569E4D-564C-3517-1792-C70F8F1DE4E5}.Release|Any CPU.Build.0 = Release|Any CPU
		{F1569E4D-564C-3517-1792-C70F8F1DE4E5}.Release|x64.ActiveCfg = Release|Any CPU
		{F1569E4D-564C-3517-1792-C70F8F1DE4E5}.Release|x64.Build.0 = Release|Any CPU
		{F1569E4D-564C-3517-1792-C70F8F1DE4E5}.Release|x86.ActiveCfg = Release|Any CPU
		{F1569E4D-564C-3517-1792-C70F8F1DE4E5}.Release|x86.Build.0 = Release|Any CPU
	EndGlobalSection
	GlobalSection(SolutionProperties) = preSolution
		HideSolutionNode = FALSE
	EndGlobalSection
	GlobalSection(NestedProjects) = preSolution
		{A0E6C5C7-ED78-42BC-BFA3-08783FEBB527} = {E7191AA9-9D1D-4D79-ADF4-288ADFCAB068}
		{FF77485D-96D1-B1AA-B58F-3986BE3ADB27} = {E7191AA9-9D1D-4D79-ADF4-288ADFCAB068}
		{76A452DA-ADF4-5071-3FF6-F64C655EFA8C} = {02EA681E-C7D8-13C7-8484-4AC65E1B71E8}
		{9AF4F9D1-312D-FA35-DCEE-1FBA0E72D59F} = {02EA681E-C7D8-13C7-8484-4AC65E1B71E8}
		{F1569E4D-564C-3517-1792-C70F8F1DE4E5} = {02EA681E-C7D8-13C7-8484-4AC65E1B71E8}
	EndGlobalSection
	GlobalSection(ExtensibilityGlobals) = postSolution
		SolutionGuid = {A908D42E-8A87-448B-AFBD-9DF96DECA381}
	EndGlobalSection
EndGlobal
